
Microsoft Visual Studio Solution File, Format Version 12.00
Project("{FAE04EC0-301F-11D3-BF4B-00C04F79EFBC}") = "OpcServerApi", "OpcServerApi\OpcServerApi.csproj", "{6B9C6495-BD1E-4604-BD33-D321304C3244}"
EndProject
Global
	GlobalSection(SolutionConfigurationPlatforms) = preSolution
		Debug|Any CPU = Debug|Any CPU
		Release|Any CPU = Release|Any CPU
	EndGlobalSection
	GlobalSection(ProjectConfigurationPlatforms) = postSolution
		{6B9C6495-BD1E-4604-BD33-D321304C3244}.Debug|Any CPU.ActiveCfg = Debug|Any CPU
		{6B9C6495-BD1E-4604-BD33-D321304C3244}.Debug|Any CPU.Build.0 = Debug|Any CPU
		{6B9C6495-BD1E-4604-BD33-D321304C3244}.Release|Any CPU.ActiveCfg = Release|Any CPU
		{6B9C6495-BD1E-4604-BD33-D321304C3244}.Release|Any CPU.Build.0 = Release|Any CPU
	EndGlobalSection
EndGlobal
